
Microsoft Visual Studio Solution File, Format Version 12.00
# Visual Studio Version 17
VisualStudioVersion = 17.8.34525.116
MinimumVisualStudioVersion = 10.0.40219.1
Project("{FAE04EC0-301F-11D3-BF4B-00C04F79EFBC}") = "HashSet_vs_List", "HashSet_vs_List\HashSet_vs_List.csproj", "{C6A0DAA5-893A-4E31-BC3D-AB519FB608CA}"
EndProject
Global
	GlobalSection(SolutionConfigurationPlatforms) = preSolution
		Debug|Any CPU = Debug|Any CPU
		Release|Any CPU = Release|Any CPU
	EndGlobalSection
	GlobalSection(ProjectConfigurationPlatforms) = postSolution
		{C6A0DAA5-893A-4E31-BC3D-AB519FB608CA}.Debug|Any CPU.ActiveCfg = Debug|Any CPU
		{C6A0DAA5-893A-4E31-BC3D-AB519FB608CA}.Debug|Any CPU.Build.0 = Debug|Any CPU
		{C6A0DAA5-893A-4E31-BC3D-AB519FB608CA}.Release|Any CPU.ActiveCfg = Release|Any CPU
		{C6A0DAA5-893A-4E31-BC3D-AB519FB608CA}.Release|Any CPU.Build.0 = Release|Any CPU
	EndGlobalSection
	GlobalSection(SolutionProperties) = preSolution
		HideSolutionNode = FALSE
	EndGlobalSection
	GlobalSection(ExtensibilityGlobals) = postSolution
		SolutionGuid = {2D9D02FC-FDF4-4CE5-9D2D-9A38CD7A608E}
	EndGlobalSection
EndGlobal
